
Microsoft Visual Studio Solution File, Format Version 12.00
# Visual Studio Version 17
VisualStudioVersion = 17.5.002.0
MinimumVisualStudioVersion = 10.0.40219.1
Project("{9A19103F-16F7-4668-BE54-9A1E7A4F7556}") = "practica2-19Yamileth", "practica2-19Yamileth.csproj", "{BF0544FA-E9F6-49AF-B1CD-27BB6D5AE0E1}"
EndProject
Global
	GlobalSection(SolutionConfigurationPlatforms) = preSolution
		Debug|Any CPU = Debug|Any CPU
		Release|Any CPU = Release|Any CPU
	EndGlobalSection
	GlobalSection(ProjectConfigurationPlatforms) = postSolution
		{BF0544FA-E9F6-49AF-B1CD-27BB6D5AE0E1}.Debug|Any CPU.ActiveCfg = Debug|Any CPU
		{BF0544FA-E9F6-49AF-B1CD-27BB6D5AE0E1}.Debug|Any CPU.Build.0 = Debug|Any CPU
		{BF0544FA-E9F6-49AF-B1CD-27BB6D5AE0E1}.Release|Any CPU.ActiveCfg = Release|Any CPU
		{BF0544FA-E9F6-49AF-B1CD-27BB6D5AE0E1}.Release|Any CPU.Build.0 = Release|Any CPU
	EndGlobalSection
	GlobalSection(SolutionProperties) = preSolution
		HideSolutionNode = FALSE
	EndGlobalSection
	GlobalSection(ExtensibilityGlobals) = postSolution
		SolutionGuid = {52C6E807-3963-41DA-80AF-507768792141}
	EndGlobalSection
EndGlobal
